
Microsoft Visual Studio Solution File, Format Version 12.00
# Visual Studio Version 16
VisualStudioVersion = 16.0.28711.60
MinimumVisualStudioVersion = 10.0.40219.1
Project("{FAE04EC0-301F-11D3-BF4B-00C04F79EFBC}") = "SnapCardGame", "SnapCardGame\SnapCardGame.csproj", "{059AE538-DAB6-4CF4-B716-FBFA0DAC64CE}"
EndProject
Project("{FAE04EC0-301F-11D3-BF4B-00C04F79EFBC}") = "SnapCardGameTests", "SnapCardGameTests\SnapCardGameTests.csproj", "{CCF3397B-3924-4FFF-867D-E003B037C6B0}"
EndProject
Global
	GlobalSection(SolutionConfigurationPlatforms) = preSolution
		Debug|Any CPU = Debug|Any CPU
		Release|Any CPU = Release|Any CPU
	EndGlobalSection
	GlobalSection(ProjectConfigurationPlatforms) = postSolution
		{059AE538-DAB6-4CF4-B716-FBFA0DAC64CE}.Debug|Any CPU.ActiveCfg = Debug|Any CPU
		{059AE538-DAB6-4CF4-B716-FBFA0DAC64CE}.Debug|Any CPU.Build.0 = Debug|Any CPU
		{059AE538-DAB6-4CF4-B716-FBFA0DAC64CE}.Release|Any CPU.ActiveCfg = Release|Any CPU
		{059AE538-DAB6-4CF4-B716-FBFA0DAC64CE}.Release|Any CPU.Build.0 = Release|Any CPU
		{CCF3397B-3924-4FFF-867D-E003B037C6B0}.Debug|Any CPU.ActiveCfg = Debug|Any CPU
		{CCF3397B-3924-4FFF-867D-E003B037C6B0}.Debug|Any CPU.Build.0 = Debug|Any CPU
		{CCF3397B-3924-4FFF-867D-E003B037C6B0}.Release|Any CPU.ActiveCfg = Release|Any CPU
		{CCF3397B-3924-4FFF-867D-E003B037C6B0}.Release|Any CPU.Build.0 = Release|Any CPU
	EndGlobalSection
	GlobalSection(SolutionProperties) = preSolution
		HideSolutionNode = FALSE
	EndGlobalSection
	GlobalSection(ExtensibilityGlobals) = postSolution
		SolutionGuid = {1C00EC0C-A8DF-4D61-A5C5-3F2FF8E439A7}
	EndGlobalSection
EndGlobal
